{
  "name": "@wpmedia/header-block",
  "version": "0.3.0",
  "lockfileVersion": 1,
  "requires": true,
  "dependencies": {
    "@wpmedia/news-theme-css": {
      "version": "2.1.5",
      "resolved": "https://npm.pkg.github.com/download/@wpmedia/news-theme-css/2.1.5/82c5054d13c0c31c3f3425282fc8801fcb0ec042e95601daddf3f27b1a83db38",
      "integrity": "sha512-yh4WnHosFtEss1HNo05rcq7tFNyF0KHGTurNMCnqgUfLZbOqwX1gsVrkA2wQK3ozlbeyWyuWEMzrRLEdSHvHww=="
    }
  }
}
