{
  "name": "@wpmedia/header-block",
  "version": "0.3.2",
  "lockfileVersion": 1,
  "requires": true,
  "dependencies": {
    "@wpmedia/news-theme-css": {
      "version": "2.1.6",
      "resolved": "https://npm.pkg.github.com/download/@wpmedia/news-theme-css/2.1.6/81bc2f825db0a3a978ae3a7b77679475bb7dfa96f6afe7dd7d2480684922c1d2",
      "integrity": "sha512-gml0kc3GpbM1DPFvKNkw3ws1T6K4n+ENoAtuQG8+5Z/KJqiEpp4u8oz3/MCOJ/So/HEAfqvzhXX8cYa1CALzrA=="
    }
  }
}
