{
  "name": "@wpmedia/ads-block",
  "version": "5.20.0",
  "lockfileVersion": 1,
  "requires": true,
  "dependencies": {
    "anylogger": {
      "version": "1.0.11",
      "resolved": "https://registry.npmjs.org/anylogger/-/anylogger-1.0.11.tgz",
      "integrity": "sha512-sKTWPTG2/d71kLGVmymMJQQslUppxvCz6DN/eODL3/ckmfygZzD0t4P5tRXE3qpM62jI98F/YTHHzFhM12jiJQ=="
    },
    "anylogger-console": {
      "version": "1.0.0",
      "resolved": "https://registry.npmjs.org/anylogger-console/-/anylogger-console-1.0.0.tgz",
      "integrity": "sha512-xI6P4THJxkxOZP6JOqWttyiSS4P73wXXoMXK/eaMKtOKQtosMEboOcVR2J3J6I/OK5nkO3FIexKZiH3si0psmg==",
      "requires": {
        "anylogger": "^1.0.6"
      }
    },
    "arcads": {
      "version": "6.1.1",
      "resolved": "https://registry.npmjs.org/arcads/-/arcads-6.1.1.tgz",
      "integrity": "sha512-032u0P8WVQuyOacGf+BcAp6rXQyBJ4x8qM/tnDYwzI9nH2HkqrCZ5H+S8TjRjGgiyUlKQzxdXIAHQUtMiiMdBA==",
      "requires": {
        "anylogger": "^1.0.11",
        "anylogger-console": "^1.0.0",
        "promise-polyfill": "^8.2.0"
      }
    },
    "promise-polyfill": {
      "version": "8.2.1",
      "resolved": "https://registry.npmjs.org/promise-polyfill/-/promise-polyfill-8.2.1.tgz",
      "integrity": "sha512-3p9zj0cEHbp7NVUxEYUWjQlffXqnXaZIMPkAO7HhFh8u5636xLRDHOUo2vpWSK0T2mqm6fKLXYn1KP6PAZ2gKg=="
    }
  }
}
