{
  "name": "@wpmedia/ads-block",
  "version": "5.18.1",
  "lockfileVersion": 1,
  "requires": true,
  "dependencies": {
    "@babel/runtime": {
      "version": "7.14.0",
      "resolved": "https://registry.npmjs.org/@babel/runtime/-/runtime-7.14.0.tgz",
      "integrity": "sha512-JELkvo/DlpNdJ7dlyw/eY7E0suy5i5GQH+Vlxaq1nsNJ+H7f4Vtv3jMeCEgRhZZQFXTjldYfQgv2qmM6M1v5wA==",
      "requires": {
        "regenerator-runtime": "^0.13.4"
      },
      "dependencies": {
        "regenerator-runtime": {
          "version": "0.13.7",
          "resolved": "https://registry.npmjs.org/regenerator-runtime/-/regenerator-runtime-0.13.7.tgz",
          "integrity": "sha512-a54FxoJDIr27pgf7IgeQGxmqUNYrcV338lf/6gH456HZ/PhX+5BcwHXG9ajESmwe6WRO0tAzRUrRmNONWgkrew=="
        }
      }
    },
    "anylogger": {
      "version": "1.0.11",
      "resolved": "https://registry.npmjs.org/anylogger/-/anylogger-1.0.11.tgz",
      "integrity": "sha512-sKTWPTG2/d71kLGVmymMJQQslUppxvCz6DN/eODL3/ckmfygZzD0t4P5tRXE3qpM62jI98F/YTHHzFhM12jiJQ=="
    },
    "anylogger-console": {
      "version": "1.0.0",
      "resolved": "https://registry.npmjs.org/anylogger-console/-/anylogger-console-1.0.0.tgz",
      "integrity": "sha512-xI6P4THJxkxOZP6JOqWttyiSS4P73wXXoMXK/eaMKtOKQtosMEboOcVR2J3J6I/OK5nkO3FIexKZiH3si0psmg==",
      "requires": {
        "anylogger": "^1.0.6"
      }
    },
    "arcads": {
      "version": "6.1.1",
      "resolved": "https://registry.npmjs.org/arcads/-/arcads-6.1.1.tgz",
      "integrity": "sha512-032u0P8WVQuyOacGf+BcAp6rXQyBJ4x8qM/tnDYwzI9nH2HkqrCZ5H+S8TjRjGgiyUlKQzxdXIAHQUtMiiMdBA==",
      "requires": {
        "anylogger": "^1.0.11",
        "anylogger-console": "^1.0.0",
        "promise-polyfill": "^8.2.0"
      }
    },
    "lazy-child": {
      "version": "0.2.0",
      "resolved": "https://registry.npmjs.org/lazy-child/-/lazy-child-0.2.0.tgz",
      "integrity": "sha512-QOlhECVjMLIS2FNujfZqPXnWBYpd54sv0k4YDgwuPb16CZMMPC5QxNfN/rH0SpfSe3sktK0l6qrOgtScV7eqWQ==",
      "requires": {
        "@babel/runtime": "^7.0.0",
        "react-peekaboo": "^0.3.0"
      }
    },
    "lodash.throttle": {
      "version": "4.1.1",
      "resolved": "https://registry.npmjs.org/lodash.throttle/-/lodash.throttle-4.1.1.tgz",
      "integrity": "sha1-wj6RtxAkKscMN/HhzaknTMOb8vQ="
    },
    "promise-polyfill": {
      "version": "8.2.1",
      "resolved": "https://registry.npmjs.org/promise-polyfill/-/promise-polyfill-8.2.1.tgz",
      "integrity": "sha512-3p9zj0cEHbp7NVUxEYUWjQlffXqnXaZIMPkAO7HhFh8u5636xLRDHOUo2vpWSK0T2mqm6fKLXYn1KP6PAZ2gKg=="
    },
    "react-peekaboo": {
      "version": "0.3.0",
      "resolved": "https://registry.npmjs.org/react-peekaboo/-/react-peekaboo-0.3.0.tgz",
      "integrity": "sha512-Vae3BZ6aBCqAD4F7nWwX0Q8GWHb15p8hgfLiKtp3XF8/iyWhx+9na4Kz15lvoOR12+V7sdYv3BCNv3rG5gK2uA==",
      "requires": {
        "@babel/runtime": "^7.0.0",
        "lodash.throttle": "^4.1.1"
      }
    }
  }
}
