{
  "name": "@wpmedia/ads-block",
  "version": "5.20.0",
  "lockfileVersion": 1,
  "requires": true,
  "dependencies": {
    "anylogger": {
      "version": "1.0.11",
      "resolved": "https://registry.npmjs.org/anylogger/-/anylogger-1.0.11.tgz",
      "integrity": "sha512-sKTWPTG2/d71kLGVmymMJQQslUppxvCz6DN/eODL3/ckmfygZzD0t4P5tRXE3qpM62jI98F/YTHHzFhM12jiJQ=="
    },
    "anylogger-console": {
      "version": "1.0.0",
      "resolved": "https://registry.npmjs.org/anylogger-console/-/anylogger-console-1.0.0.tgz",
      "integrity": "sha512-xI6P4THJxkxOZP6JOqWttyiSS4P73wXXoMXK/eaMKtOKQtosMEboOcVR2J3J6I/OK5nkO3FIexKZiH3si0psmg==",
      "requires": {
        "anylogger": "^1.0.6"
      }
    },
    "arcads": {
      "version": "6.1.1",
      "resolved": "https://registry.npmjs.org/arcads/-/arcads-6.1.1.tgz",
      "integrity": "sha512-032u0P8WVQuyOacGf+BcAp6rXQyBJ4x8qM/tnDYwzI9nH2HkqrCZ5H+S8TjRjGgiyUlKQzxdXIAHQUtMiiMdBA==",
      "requires": {
        "anylogger": "^1.0.11",
        "anylogger-console": "^1.0.0",
        "promise-polyfill": "^8.2.0"
      }
    },
    "dom-peekaboo": {
      "version": "0.1.0",
      "resolved": "https://registry.npmjs.org/dom-peekaboo/-/dom-peekaboo-0.1.0.tgz",
      "integrity": "sha512-QGfVWlbeTCC+aH0akKbr3NJuaW7i0GRhWaEwsRHz7AeDr5eX3xkjyZBmU86V1lGTjNq4XUxRWWOdk+JOQhMLSQ==",
      "requires": {
        "lodash.throttle": "^4.1.1"
      }
    },
    "lazy-child": {
      "version": "0.3.1",
      "resolved": "https://registry.npmjs.org/lazy-child/-/lazy-child-0.3.1.tgz",
      "integrity": "sha512-noi341qqpeHJEiGC7YPM+iAhv7HgnrKCWLrsRaM6FX8LKC1g2+iuT4g+hcv3BzYjXotpQjn/Ri/I+Bf68mIONg==",
      "requires": {
        "react-peekaboo": "^0.4.1"
      }
    },
    "lodash.throttle": {
      "version": "4.1.1",
      "resolved": "https://registry.npmjs.org/lodash.throttle/-/lodash.throttle-4.1.1.tgz",
      "integrity": "sha1-wj6RtxAkKscMN/HhzaknTMOb8vQ="
    },
    "promise-polyfill": {
      "version": "8.2.1",
      "resolved": "https://registry.npmjs.org/promise-polyfill/-/promise-polyfill-8.2.1.tgz",
      "integrity": "sha512-3p9zj0cEHbp7NVUxEYUWjQlffXqnXaZIMPkAO7HhFh8u5636xLRDHOUo2vpWSK0T2mqm6fKLXYn1KP6PAZ2gKg=="
    },
    "react-peekaboo": {
      "version": "0.4.1",
      "resolved": "https://registry.npmjs.org/react-peekaboo/-/react-peekaboo-0.4.1.tgz",
      "integrity": "sha512-CB/EWYD+3iLKy64HvVC8A0ri/MswbugQZ4QEu48JFbKy8s74L9urfFRBa2CfSpKJVYOy3xbbUR9YSFaa0Vx35w==",
      "requires": {
        "dom-peekaboo": "^0.1.0",
        "lodash.throttle": "^4.1.1"
      }
    }
  }
}
