{
  "name": "@wpmedia/alert-bar-block",
  "version": "5.16.0",
  "lockfileVersion": 1,
  "requires": true,
  "dependencies": {
    "cookie": {
      "version": "1.0.1",
      "resolved": "https://registry.npmjs.org/cookie/-/cookie-1.0.1.tgz",
      "integrity": "sha512-Xd8lFX4LM9QEEwxQpF9J9NTUh8pmdJO0cyRJhFiDoLTk2eH8FXlRv2IFGYVadZpqI3j8fhNrSdKCeYPxiAhLXw=="
    }
  }
}
