{
  "name": "@wpmedia/shared-styles",
  "version": "1.0.13",
  "lockfileVersion": 1,
  "requires": true,
  "dependencies": {
    "@wpmedia/news-theme-css": {
      "version": "2.1.0",
      "resolved": "https://npm.pkg.github.com/download/@wpmedia/news-theme-css/2.1.0/cfc3d9599bee732743e4b8154ab682ac1e6becc6cc72871f29ac7a1535ea0482",
      "integrity": "sha512-iVhay9D3wd/uQBu2zvqJFrhWMlnXH/cxkk93MDKZ5pgNdK81skPJ9grn1gz6MNbLle5f43jGTufBvsRyhfEGoA=="
    }
  }
}
