{
  "name": "@wpmedia/identity-block",
  "version": "5.20.0",
  "lockfileVersion": 3,
  "requires": true,
  "packages": {
    "": {
      "name": "@wpmedia/identity-block",
      "version": "5.20.0",
      "license": "CC-BY-NC-ND-4.0",
      "dependencies": {
        "@arc-fusion/prop-types": "^0.1.5",
        "@arc-publishing/sdk-identity": "^1.79.0",
        "react-google-recaptcha": "^3.1.0"
      },
      "peerDependencies": {
        "@wpmedia/arc-themes-components": "file:../../../arc-themes-components"
      }
    },
    "node_modules/@arc-fusion/prop-types": {
      "version": "0.1.5",
      "resolved": "https://registry.npmjs.org/@arc-fusion/prop-types/-/prop-types-0.1.5.tgz",
      "integrity": "sha512-12/1QGXYaGZWDw1vnTX8fltWf3BA7zc95Kn9MyXD/PhFAJBEbpvtD2R+NZ8NU+DMPYlYLP33tyI3NSddERZCAA==",
      "dependencies": {
        "prop-types": "^15.7.2"
      }
    },
    "node_modules/@arc-publishing/sdk-identity": {
      "version": "1.79.0",
      "resolved": "https://registry.npmjs.org/@arc-publishing/sdk-identity/-/sdk-identity-1.79.0.tgz",
      "integrity": "sha512-eblhb/AMa2uKr3/sWphlonIw5gKrz2KigUYnQDU2riWZn9Z+EECmQsbpbZbkWGDaTXrtkEX3DRqBIPJsPaEsXg==",
      "engines": {
        "node": ">=8"
      }
    },
    "node_modules/@arc-publishing/sdk-sales": {
      "version": "1.79.0",
      "resolved": "https://registry.npmjs.org/@arc-publishing/sdk-sales/-/sdk-sales-1.79.0.tgz",
      "integrity": "sha512-xZRBd+uGAhp814NDFHCdddcUsrdMfusn7h6z58l9RcQd60Vrwp9eMByY4q26uCKMXX8fOtPKr3iN2gULYtCc7g==",
      "peer": true,
      "dependencies": {
        "@arc-publishing/sdk-identity": "^1.79.0",
        "@arc-publishing/sdk-subs-core": "^1.79.0"
      },
      "engines": {
        "node": ">=8"
      }
    },
    "node_modules/@arc-publishing/sdk-subs-core": {
      "version": "1.79.0",
      "resolved": "https://registry.npmjs.org/@arc-publishing/sdk-subs-core/-/sdk-subs-core-1.79.0.tgz",
      "integrity": "sha512-MwdTIK0lL7OaHawd99Ucp2pWsCHA+OiJ+psR9dge3hZriPank3pVAgqOjjxSwFDl9k1Q9GeBMyZN3zrJAI2yAg==",
      "peer": true,
      "engines": {
        "node": ">=8"
      }
    },
    "node_modules/@wpmedia/arc-themes-components": {
      "version": "0.0.4-arc-themes-release-version-2-2-0.1",
      "resolved": "file:../../../arc-themes-components",
      "license": "CC-BY-NC-ND-4.0",
      "peer": true,
      "dependencies": {
        "@arc-publishing/sdk-identity": "^1.79.0",
        "@arc-publishing/sdk-sales": "^1.79.0",
        "dom-parser": "^0.1.6",
        "lazy-child": "^0.3.1",
        "lodash.get": "^4.4.2",
        "react-oembed-container": "^1.0.1",
        "react-swipeable": "^7.0.1"
      }
    },
    "node_modules/dom-parser": {
      "version": "0.1.6",
      "resolved": "https://registry.npmjs.org/dom-parser/-/dom-parser-0.1.6.tgz",
      "integrity": "sha512-3nVRKbLEwmGfghLoeT1dxlK/0votalnOfasP+8VCHYDfDuCETY4LeMblfOeqww6XZk2ymZ1Uewy/hVad6Dy3yw==",
      "peer": true
    },
    "node_modules/dom-peekaboo": {
      "version": "0.1.0",
      "resolved": "https://registry.npmjs.org/dom-peekaboo/-/dom-peekaboo-0.1.0.tgz",
      "integrity": "sha512-QGfVWlbeTCC+aH0akKbr3NJuaW7i0GRhWaEwsRHz7AeDr5eX3xkjyZBmU86V1lGTjNq4XUxRWWOdk+JOQhMLSQ==",
      "peer": true,
      "dependencies": {
        "lodash.throttle": "^4.1.1"
      }
    },
    "node_modules/hoist-non-react-statics": {
      "version": "3.3.2",
      "resolved": "https://registry.npmjs.org/hoist-non-react-statics/-/hoist-non-react-statics-3.3.2.tgz",
      "integrity": "sha512-/gGivxi8JPKWNm/W0jSmzcMPpfpPLc3dY/6GxhX2hQ9iGj3aDfklV4ET7NjKpSinLpJ5vafa9iiGIEZg10SfBw==",
      "dependencies": {
        "react-is": "^16.7.0"
      }
    },
    "node_modules/js-tokens": {
      "version": "4.0.0",
      "resolved": "https://registry.npmjs.org/js-tokens/-/js-tokens-4.0.0.tgz",
      "integrity": "sha512-RdJUflcE3cUzKiMqQgsCu06FPu9UdIJO0beYbPhHN4k6apgJtifcoCtT9bcxOpYBtpD2kCM6Sbzg4CausW/PKQ=="
    },
    "node_modules/lazy-child": {
      "version": "0.3.1",
      "resolved": "https://registry.npmjs.org/lazy-child/-/lazy-child-0.3.1.tgz",
      "integrity": "sha512-noi341qqpeHJEiGC7YPM+iAhv7HgnrKCWLrsRaM6FX8LKC1g2+iuT4g+hcv3BzYjXotpQjn/Ri/I+Bf68mIONg==",
      "peer": true,
      "dependencies": {
        "react-peekaboo": "^0.4.1"
      },
      "peerDependencies": {
        "react": ">=16.8.0"
      }
    },
    "node_modules/lodash.get": {
      "version": "4.4.2",
      "resolved": "https://registry.npmjs.org/lodash.get/-/lodash.get-4.4.2.tgz",
      "integrity": "sha512-z+Uw/vLuy6gQe8cfaFWD7p0wVv8fJl3mbzXh33RS+0oW2wvUqiRXiQ69gLWSLpgB5/6sU+r6BlQR0MBILadqTQ==",
      "peer": true
    },
    "node_modules/lodash.throttle": {
      "version": "4.1.1",
      "resolved": "https://registry.npmjs.org/lodash.throttle/-/lodash.throttle-4.1.1.tgz",
      "integrity": "sha512-wIkUCfVKpVsWo3JSZlc+8MB5it+2AN5W8J7YVMST30UrvcQNZ1Okbj+rbVniijTWE6FGYy4XJq/rHkas8qJMLQ==",
      "peer": true
    },
    "node_modules/loose-envify": {
      "version": "1.4.0",
      "resolved": "https://registry.npmjs.org/loose-envify/-/loose-envify-1.4.0.tgz",
      "integrity": "sha512-lyuxPGr/Wfhrlem2CL/UcnUc1zcqKAImBDzukY7Y5F/yQiNdko6+fRLevlw1HgMySw7f611UIY408EtxRSoK3Q==",
      "dependencies": {
        "js-tokens": "^3.0.0 || ^4.0.0"
      },
      "bin": {
        "loose-envify": "cli.js"
      }
    },
    "node_modules/object-assign": {
      "version": "4.1.1",
      "resolved": "https://registry.npmjs.org/object-assign/-/object-assign-4.1.1.tgz",
      "integrity": "sha512-rJgTQnkUnH1sFw8yT6VSU3zD3sWmu6sZhIseY8VX+GRu3P6F7Fu+JNDoXfklElbLJSnc3FUQHVe4cU5hj+BcUg==",
      "engines": {
        "node": ">=0.10.0"
      }
    },
    "node_modules/prop-types": {
      "version": "15.8.1",
      "resolved": "https://registry.npmjs.org/prop-types/-/prop-types-15.8.1.tgz",
      "integrity": "sha512-oj87CgZICdulUohogVAR7AjlC0327U4el4L6eAvOqCeudMDVU0NThNaV+b9Df4dXgSP1gXMTnPdhfe/2qDH5cg==",
      "dependencies": {
        "loose-envify": "^1.4.0",
        "object-assign": "^4.1.1",
        "react-is": "^16.13.1"
      }
    },
    "node_modules/react": {
      "version": "17.0.2",
      "resolved": "https://registry.npmjs.org/react/-/react-17.0.2.tgz",
      "integrity": "sha512-gnhPt75i/dq/z3/6q/0asP78D0u592D5L1pd7M8P+dck6Fu/jJeL6iVVK23fptSUZj8Vjf++7wXA8UNclGQcbA==",
      "peer": true,
      "dependencies": {
        "loose-envify": "^1.1.0",
        "object-assign": "^4.1.1"
      },
      "engines": {
        "node": ">=0.10.0"
      }
    },
    "node_modules/react-async-script": {
      "version": "1.2.0",
      "resolved": "https://registry.npmjs.org/react-async-script/-/react-async-script-1.2.0.tgz",
      "integrity": "sha512-bCpkbm9JiAuMGhkqoAiC0lLkb40DJ0HOEJIku+9JDjxX3Rcs+ztEOG13wbrOskt3n2DTrjshhaQ/iay+SnGg5Q==",
      "dependencies": {
        "hoist-non-react-statics": "^3.3.0",
        "prop-types": "^15.5.0"
      },
      "peerDependencies": {
        "react": ">=16.4.1"
      }
    },
    "node_modules/react-dom": {
      "version": "17.0.2",
      "resolved": "https://registry.npmjs.org/react-dom/-/react-dom-17.0.2.tgz",
      "integrity": "sha512-s4h96KtLDUQlsENhMn1ar8t2bEa+q/YAtj8pPPdIjPDGBDIVNsrD9aXNWqspUe6AzKCIG0C1HZZLqLV7qpOBGA==",
      "peer": true,
      "dependencies": {
        "loose-envify": "^1.1.0",
        "object-assign": "^4.1.1",
        "scheduler": "^0.20.2"
      },
      "peerDependencies": {
        "react": "17.0.2"
      }
    },
    "node_modules/react-google-recaptcha": {
      "version": "3.1.0",
      "resolved": "https://registry.npmjs.org/react-google-recaptcha/-/react-google-recaptcha-3.1.0.tgz",
      "integrity": "sha512-cYW2/DWas8nEKZGD7SCu9BSuVz8iOcOLHChHyi7upUuVhkpkhYG/6N3KDiTQ3XAiZ2UAZkfvYKMfAHOzBOcGEg==",
      "dependencies": {
        "prop-types": "^15.5.0",
        "react-async-script": "^1.2.0"
      },
      "peerDependencies": {
        "react": ">=16.4.1"
      }
    },
<<<<<<< Updated upstream
    "react-google-recaptcha-v3": {
      "version": "1.10.1",
      "resolved": "https://registry.npmjs.org/react-google-recaptcha-v3/-/react-google-recaptcha-v3-1.10.1.tgz",
      "integrity": "sha512-K3AYzSE0SasTn+XvV2tq+6YaxM+zQypk9rbCgG4OVUt7Rh4ze9basIKefoBz9sC0CNslJj9N1uwTTgRMJQbQJQ==",
      "requires": {
        "hoist-non-react-statics": "^3.3.2"
      }
    },
    "react-is": {
=======
    "node_modules/react-is": {
>>>>>>> Stashed changes
      "version": "16.13.1",
      "resolved": "https://registry.npmjs.org/react-is/-/react-is-16.13.1.tgz",
      "integrity": "sha512-24e6ynE2H+OKt4kqsOvNd8kBpV65zoxbA4BVsEOB3ARVWQki/DHzaUoC5KuON/BiccDaCCTZBuOcfZs70kR8bQ=="
    },
    "node_modules/react-oembed-container": {
      "version": "1.0.1",
      "resolved": "https://registry.npmjs.org/react-oembed-container/-/react-oembed-container-1.0.1.tgz",
      "integrity": "sha512-wU7s2Ql6LZp7bTbf7Hloy7ONDCSb+44iM4Ezdk36qqsVSxOefvN70DBuqf3Z/c7zQdYVwODHryMYawq6sxmG+A==",
      "peer": true,
      "dependencies": {
        "prop-types": "^15.6.0"
      },
      "peerDependencies": {
        "react": "^16.2.0 || ^17.0.0",
        "react-dom": "^16.2.0 || ^17.0.0"
      }
    },
    "node_modules/react-peekaboo": {
      "version": "0.4.1",
      "resolved": "https://registry.npmjs.org/react-peekaboo/-/react-peekaboo-0.4.1.tgz",
      "integrity": "sha512-CB/EWYD+3iLKy64HvVC8A0ri/MswbugQZ4QEu48JFbKy8s74L9urfFRBa2CfSpKJVYOy3xbbUR9YSFaa0Vx35w==",
      "peer": true,
      "dependencies": {
        "dom-peekaboo": "^0.1.0",
        "lodash.throttle": "^4.1.1"
      },
      "peerDependencies": {
        "react": ">=16.8.0"
      }
    },
    "node_modules/react-swipeable": {
      "version": "7.0.1",
      "resolved": "https://registry.npmjs.org/react-swipeable/-/react-swipeable-7.0.1.tgz",
      "integrity": "sha512-RKB17JdQzvECfnVj9yDZsiYn3vH0eyva/ZbrCZXZR0qp66PBRhtg4F9yJcJTWYT5Adadi+x4NoG53BxKHwIYLQ==",
      "peer": true,
      "peerDependencies": {
        "react": "^16.8.3 || ^17 || ^18"
      }
    },
    "node_modules/scheduler": {
      "version": "0.20.2",
      "resolved": "https://registry.npmjs.org/scheduler/-/scheduler-0.20.2.tgz",
      "integrity": "sha512-2eWfGgAqqWFGqtdMmcL5zCMK1U8KlXv8SQFGglL3CEtd0aDVDWgeF/YoCmvln55m5zSk3J/20hTaSBeSObsQDQ==",
      "peer": true,
      "dependencies": {
        "loose-envify": "^1.1.0",
        "object-assign": "^4.1.1"
      }
    }
  }
}
