{
  "name": "@wpmedia/identity-block",
  "version": "5.20.0",
  "lockfileVersion": 3,
  "requires": true,
  "packages": {
    "": {
      "name": "@wpmedia/identity-block",
      "version": "5.20.0",
      "license": "CC-BY-NC-ND-4.0",
      "dependencies": {
        "@arc-fusion/prop-types": "^0.1.5",
        "@arc-publishing/sdk-identity": "^1.79.0",
        "react-google-recaptcha": "^3.1.0",
        "react-google-recaptcha-v3": "^1.10.1"
      },
      "peerDependencies": {
        "@wpmedia/arc-themes-components": "*"
      }
    },
    "node_modules/@arc-fusion/prop-types": {
      "version": "0.1.5",
      "resolved": "https://registry.npmjs.org/@arc-fusion/prop-types/-/prop-types-0.1.5.tgz",
      "integrity": "sha512-12/1QGXYaGZWDw1vnTX8fltWf3BA7zc95Kn9MyXD/PhFAJBEbpvtD2R+NZ8NU+DMPYlYLP33tyI3NSddERZCAA==",
      "dependencies": {
        "prop-types": "^15.7.2"
      }
    },
    "node_modules/@arc-publishing/sdk-identity": {
      "version": "1.79.0",
      "resolved": "https://registry.npmjs.org/@arc-publishing/sdk-identity/-/sdk-identity-1.79.0.tgz",
      "integrity": "sha512-eblhb/AMa2uKr3/sWphlonIw5gKrz2KigUYnQDU2riWZn9Z+EECmQsbpbZbkWGDaTXrtkEX3DRqBIPJsPaEsXg==",
      "engines": {
        "node": ">=8"
      }
    },
    "node_modules/@wpmedia/arc-themes-components": {
      "version": "0.0.1",
      "resolved": "https://npm.pkg.github.com/download/@WPMedia/arc-themes-components/0.0.1/f9ff4b987c296ed8e615b4acbbf9fb8576e437e4",
      "integrity": "sha512-2z4L9mf76dtwpIqDCIb70HxrlLW4KL5QkEeQSh9sHY0kkhz5MHx9rW8WcNSuYBmjbYr0rKtV3jl10Vt6WTgyUw==",
      "license": "CC-BY-NC-ND-4.0",
      "peer": true
    },
    "node_modules/hoist-non-react-statics": {
      "version": "3.3.2",
      "resolved": "https://registry.npmjs.org/hoist-non-react-statics/-/hoist-non-react-statics-3.3.2.tgz",
      "integrity": "sha512-/gGivxi8JPKWNm/W0jSmzcMPpfpPLc3dY/6GxhX2hQ9iGj3aDfklV4ET7NjKpSinLpJ5vafa9iiGIEZg10SfBw==",
      "dependencies": {
        "react-is": "^16.7.0"
      }
    },
    "node_modules/js-tokens": {
      "version": "4.0.0",
      "resolved": "https://registry.npmjs.org/js-tokens/-/js-tokens-4.0.0.tgz",
      "integrity": "sha512-RdJUflcE3cUzKiMqQgsCu06FPu9UdIJO0beYbPhHN4k6apgJtifcoCtT9bcxOpYBtpD2kCM6Sbzg4CausW/PKQ=="
    },
    "node_modules/loose-envify": {
      "version": "1.4.0",
      "resolved": "https://registry.npmjs.org/loose-envify/-/loose-envify-1.4.0.tgz",
      "integrity": "sha512-lyuxPGr/Wfhrlem2CL/UcnUc1zcqKAImBDzukY7Y5F/yQiNdko6+fRLevlw1HgMySw7f611UIY408EtxRSoK3Q==",
      "dependencies": {
        "js-tokens": "^3.0.0 || ^4.0.0"
      },
      "bin": {
        "loose-envify": "cli.js"
      }
    },
    "node_modules/object-assign": {
      "version": "4.1.1",
      "resolved": "https://registry.npmjs.org/object-assign/-/object-assign-4.1.1.tgz",
      "integrity": "sha1-IQmtx5ZYh8/AXLvUQsrIv7s2CGM=",
      "engines": {
        "node": ">=0.10.0"
      }
    },
    "node_modules/prop-types": {
      "version": "15.7.2",
      "resolved": "https://registry.npmjs.org/prop-types/-/prop-types-15.7.2.tgz",
      "integrity": "sha512-8QQikdH7//R2vurIJSutZ1smHYTcLpRWEOlHnzcWHmBYrOGUysKwSsrC89BCiFj3CbrfJ/nXFdJepOVrY1GCHQ==",
      "dependencies": {
        "loose-envify": "^1.4.0",
        "object-assign": "^4.1.1",
        "react-is": "^16.8.1"
      }
    },
    "node_modules/react": {
      "version": "18.2.0",
      "resolved": "https://registry.npmjs.org/react/-/react-18.2.0.tgz",
      "integrity": "sha512-/3IjMdb2L9QbBdWiW5e3P2/npwMBaU9mHCSCUzNln0ZCYbcfTsGbTJrU/kGemdH2IWmB2ioZ+zkxtmq6g09fGQ==",
      "peer": true,
      "dependencies": {
        "loose-envify": "^1.1.0"
      },
      "engines": {
        "node": ">=0.10.0"
      }
    },
    "node_modules/react-async-script": {
      "version": "1.2.0",
      "resolved": "https://registry.npmjs.org/react-async-script/-/react-async-script-1.2.0.tgz",
      "integrity": "sha512-bCpkbm9JiAuMGhkqoAiC0lLkb40DJ0HOEJIku+9JDjxX3Rcs+ztEOG13wbrOskt3n2DTrjshhaQ/iay+SnGg5Q==",
      "dependencies": {
        "hoist-non-react-statics": "^3.3.0",
        "prop-types": "^15.5.0"
      },
      "peerDependencies": {
        "react": ">=16.4.1"
      }
    },
    "node_modules/react-dom": {
      "version": "18.2.0",
      "resolved": "https://registry.npmjs.org/react-dom/-/react-dom-18.2.0.tgz",
      "integrity": "sha512-6IMTriUmvsjHUjNtEDudZfuDQUoWXVxKHhlEGSk81n4YFS+r/Kl99wXiwlVXtPBtJenozv2P+hxDsw9eA7Xo6g==",
      "peer": true,
      "dependencies": {
        "loose-envify": "^1.1.0",
        "scheduler": "^0.23.0"
      },
      "peerDependencies": {
        "react": "^18.2.0"
      }
    },
    "node_modules/react-google-recaptcha": {
      "version": "3.1.0",
      "resolved": "https://registry.npmjs.org/react-google-recaptcha/-/react-google-recaptcha-3.1.0.tgz",
      "integrity": "sha512-cYW2/DWas8nEKZGD7SCu9BSuVz8iOcOLHChHyi7upUuVhkpkhYG/6N3KDiTQ3XAiZ2UAZkfvYKMfAHOzBOcGEg==",
      "dependencies": {
        "prop-types": "^15.5.0",
        "react-async-script": "^1.2.0"
      },
      "peerDependencies": {
        "react": ">=16.4.1"
      }
    },
    "node_modules/react-google-recaptcha-v3": {
      "version": "1.10.1",
      "resolved": "https://registry.npmjs.org/react-google-recaptcha-v3/-/react-google-recaptcha-v3-1.10.1.tgz",
      "integrity": "sha512-K3AYzSE0SasTn+XvV2tq+6YaxM+zQypk9rbCgG4OVUt7Rh4ze9basIKefoBz9sC0CNslJj9N1uwTTgRMJQbQJQ==",
      "dependencies": {
        "hoist-non-react-statics": "^3.3.2"
      },
      "peerDependencies": {
        "react": "^16.3 || ^17.0 || ^18.0",
        "react-dom": "^17.0 || ^18.0"
      }
    },
    "node_modules/react-is": {
      "version": "16.13.1",
      "resolved": "https://registry.npmjs.org/react-is/-/react-is-16.13.1.tgz",
      "integrity": "sha512-24e6ynE2H+OKt4kqsOvNd8kBpV65zoxbA4BVsEOB3ARVWQki/DHzaUoC5KuON/BiccDaCCTZBuOcfZs70kR8bQ=="
    },
    "node_modules/scheduler": {
      "version": "0.23.0",
      "resolved": "https://registry.npmjs.org/scheduler/-/scheduler-0.23.0.tgz",
      "integrity": "sha512-CtuThmgHNg7zIZWAXi3AsyIzA3n4xx7aNyjwC2VJldO2LMVDhFK+63xGqq6CsJH4rTAt6/M+N4GhZiDYPx9eUw==",
      "peer": true,
      "dependencies": {
        "loose-envify": "^1.1.0"
      }
    }
  }
}
