{
  "name": "@wpmedia/algolia-assortment-content-source-block",
  "version": "0.1.0",
  "lockfileVersion": 3,
  "requires": true,
  "packages": {
    "": {
      "version": "0.1.0",
      "license": "CC-BY-NC-ND-4.0",
      "dependencies": {
        "algoliasearch": "^5.34.1"
      }
    },
    "node_modules/@algolia/client-abtesting": {
      "version": "5.34.1",
      "resolved": "https://registry.npmjs.org/@algolia/client-abtesting/-/client-abtesting-5.34.1.tgz",
      "integrity": "sha512-M4zb6J7q+pg9V9Xk0k1WDgvupfCtXcxjKGTrNVYemiredLVGOmvVIPAUjg2rx4QmK7DWNApWLsieYwk7PAaOXw==",
      "license": "MIT",
      "dependencies": {
        "@algolia/client-common": "5.34.1",
        "@algolia/requester-browser-xhr": "5.34.1",
        "@algolia/requester-fetch": "5.34.1",
        "@algolia/requester-node-http": "5.34.1"
      },
      "engines": {
        "node": ">= 14.0.0"
      }
    },
    "node_modules/@algolia/client-analytics": {
      "version": "5.34.1",
      "resolved": "https://registry.npmjs.org/@algolia/client-analytics/-/client-analytics-5.34.1.tgz",
      "integrity": "sha512-h18zlL+bVUlbNE92olo1d/r6HQPkxhmP7yCpA1osERwpgC6F058kWm0O0aYdrHJIHtWBcs9aRqq7IkQSkpjPJg==",
      "license": "MIT",
      "dependencies": {
        "@algolia/client-common": "5.34.1",
        "@algolia/requester-browser-xhr": "5.34.1",
        "@algolia/requester-fetch": "5.34.1",
        "@algolia/requester-node-http": "5.34.1"
      },
      "engines": {
        "node": ">= 14.0.0"
      }
    },
    "node_modules/@algolia/client-common": {
      "version": "5.34.1",
      "resolved": "https://registry.npmjs.org/@algolia/client-common/-/client-common-5.34.1.tgz",
      "integrity": "sha512-otPWALs72KvmVuP0CN0DI6sqVx1jQWKi+/DgAiP8DysVMgiNlva3GDKTtAK6XVGlT08f4h32FNuL0yQODuCfKA==",
      "license": "MIT",
      "engines": {
        "node": ">= 14.0.0"
      }
    },
    "node_modules/@algolia/client-insights": {
      "version": "5.34.1",
      "resolved": "https://registry.npmjs.org/@algolia/client-insights/-/client-insights-5.34.1.tgz",
      "integrity": "sha512-SNDb5wuEpQFM6S5Shk2iytLMusvGycm9uTuYh7cGa1h3U7O65OjjjIgQ0lLY5HPybHNtmXr4Zh/EZ23pZvAJHg==",
      "license": "MIT",
      "dependencies": {
        "@algolia/client-common": "5.34.1",
        "@algolia/requester-browser-xhr": "5.34.1",
        "@algolia/requester-fetch": "5.34.1",
        "@algolia/requester-node-http": "5.34.1"
      },
      "engines": {
        "node": ">= 14.0.0"
      }
    },
    "node_modules/@algolia/client-personalization": {
      "version": "5.34.1",
      "resolved": "https://registry.npmjs.org/@algolia/client-personalization/-/client-personalization-5.34.1.tgz",
      "integrity": "sha512-T8z9KqYJOup83Hw0mgICYWfJoLh//FNWbf4roFd95ZJzZ4v1cN/hvr7Eqml1qWMoCkJb4y/XQjrXsJ6Y9XnMLw==",
      "license": "MIT",
      "dependencies": {
        "@algolia/client-common": "5.34.1",
        "@algolia/requester-browser-xhr": "5.34.1",
        "@algolia/requester-fetch": "5.34.1",
        "@algolia/requester-node-http": "5.34.1"
      },
      "engines": {
        "node": ">= 14.0.0"
      }
    },
    "node_modules/@algolia/client-query-suggestions": {
      "version": "5.34.1",
      "resolved": "https://registry.npmjs.org/@algolia/client-query-suggestions/-/client-query-suggestions-5.34.1.tgz",
      "integrity": "sha512-YA0kC4CwO1mc1dliNgbFgToweRa7Uihjz3izEaV4cXninF1v4SaOrPkQUsiFPprAffjMzOUoT7vahQZ/HZyiKQ==",
      "license": "MIT",
      "dependencies": {
        "@algolia/client-common": "5.34.1",
        "@algolia/requester-browser-xhr": "5.34.1",
        "@algolia/requester-fetch": "5.34.1",
        "@algolia/requester-node-http": "5.34.1"
      },
      "engines": {
        "node": ">= 14.0.0"
      }
    },
    "node_modules/@algolia/client-search": {
      "version": "5.34.1",
      "resolved": "https://registry.npmjs.org/@algolia/client-search/-/client-search-5.34.1.tgz",
      "integrity": "sha512-bt5hC9vvjaKvdvsgzfXJ42Sl3qjQqoi/FD8V7HOQgtNFhwSauZOlgLwFoUiw67sM+r7ehF7QDk5WRDgY7fAkIg==",
      "license": "MIT",
      "dependencies": {
        "@algolia/client-common": "5.34.1",
        "@algolia/requester-browser-xhr": "5.34.1",
        "@algolia/requester-fetch": "5.34.1",
        "@algolia/requester-node-http": "5.34.1"
      },
      "engines": {
        "node": ">= 14.0.0"
      }
    },
    "node_modules/@algolia/ingestion": {
      "version": "1.34.1",
      "resolved": "https://registry.npmjs.org/@algolia/ingestion/-/ingestion-1.34.1.tgz",
      "integrity": "sha512-QLxiBskQxFGzPqKZvBNEvNN95kgDCbBd2X29ZGfh6Sr2QOSU34US6Z9x2duiF4o9FwsB0i6eQ2c9vHfuH0lAQg==",
      "license": "MIT",
      "dependencies": {
        "@algolia/client-common": "5.34.1",
        "@algolia/requester-browser-xhr": "5.34.1",
        "@algolia/requester-fetch": "5.34.1",
        "@algolia/requester-node-http": "5.34.1"
      },
      "engines": {
        "node": ">= 14.0.0"
      }
    },
    "node_modules/@algolia/monitoring": {
      "version": "1.34.1",
      "resolved": "https://registry.npmjs.org/@algolia/monitoring/-/monitoring-1.34.1.tgz",
      "integrity": "sha512-NteCvWcWXXdnPGyZH8rXHslcf2pM1WGDNMGNZFXLFtOt1Gf1Tjy2t0NZLp+Mxap3JMV4mbYmactbXrvpQf/lLA==",
      "license": "MIT",
      "dependencies": {
        "@algolia/client-common": "5.34.1",
        "@algolia/requester-browser-xhr": "5.34.1",
        "@algolia/requester-fetch": "5.34.1",
        "@algolia/requester-node-http": "5.34.1"
      },
      "engines": {
        "node": ">= 14.0.0"
      }
    },
    "node_modules/@algolia/recommend": {
      "version": "5.34.1",
      "resolved": "https://registry.npmjs.org/@algolia/recommend/-/recommend-5.34.1.tgz",
      "integrity": "sha512-UdgDSrunLIBAAAxQlYLXYLnYFN4wkzkrAYx+wMLEk/pzASWyza3BkecbUFVqoYOBIgwo7Mt4iymzVtFkzL2uCQ==",
      "license": "MIT",
      "dependencies": {
        "@algolia/client-common": "5.34.1",
        "@algolia/requester-browser-xhr": "5.34.1",
        "@algolia/requester-fetch": "5.34.1",
        "@algolia/requester-node-http": "5.34.1"
      },
      "engines": {
        "node": ">= 14.0.0"
      }
    },
    "node_modules/@algolia/requester-browser-xhr": {
      "version": "5.34.1",
      "resolved": "https://registry.npmjs.org/@algolia/requester-browser-xhr/-/requester-browser-xhr-5.34.1.tgz",
      "integrity": "sha512-567LfFTc9VOiPtuySQohoqaWMeohYWbXK71aMSin+SLMgeKX7hz5LrVmkmMQj9udwWK6/mtHEYZGPYHSuXpLQg==",
      "license": "MIT",
      "dependencies": {
        "@algolia/client-common": "5.34.1"
      },
      "engines": {
        "node": ">= 14.0.0"
      }
    },
    "node_modules/@algolia/requester-fetch": {
      "version": "5.34.1",
      "resolved": "https://registry.npmjs.org/@algolia/requester-fetch/-/requester-fetch-5.34.1.tgz",
      "integrity": "sha512-YRbygPgGBEik5U593JvyjgxFjcsyZMR25eIQxNHvSQumdAzt5A4E4Idw3yXnwhrmMdjML54ZXT7EAjnTjWy8Xw==",
      "license": "MIT",
      "dependencies": {
        "@algolia/client-common": "5.34.1"
      },
      "engines": {
        "node": ">= 14.0.0"
      }
    },
    "node_modules/@algolia/requester-node-http": {
      "version": "5.34.1",
      "resolved": "https://registry.npmjs.org/@algolia/requester-node-http/-/requester-node-http-5.34.1.tgz",
      "integrity": "sha512-o0mqRYbS82Rt4DE02Od7RL6pNtV7oSxScPuIw8LW4aqO2V5eCF05Pry/SnUgcI/Vb2QCYC66hytBCqzyC/toZA==",
      "license": "MIT",
      "dependencies": {
        "@algolia/client-common": "5.34.1"
      },
      "engines": {
        "node": ">= 14.0.0"
      }
    },
    "node_modules/algoliasearch": {
      "version": "5.34.1",
      "resolved": "https://registry.npmjs.org/algoliasearch/-/algoliasearch-5.34.1.tgz",
      "integrity": "sha512-s70HlfBgswgEdmCYkUJG8i/ULYhbkk8N9+N8JsWUwszcp7eauPEr5tIX4BY0qDGeKWQ/qZvmt4mxwTusYY23sg==",
      "license": "MIT",
      "dependencies": {
        "@algolia/client-abtesting": "5.34.1",
        "@algolia/client-analytics": "5.34.1",
        "@algolia/client-common": "5.34.1",
        "@algolia/client-insights": "5.34.1",
        "@algolia/client-personalization": "5.34.1",
        "@algolia/client-query-suggestions": "5.34.1",
        "@algolia/client-search": "5.34.1",
        "@algolia/ingestion": "1.34.1",
        "@algolia/monitoring": "1.34.1",
        "@algolia/recommend": "5.34.1",
        "@algolia/requester-browser-xhr": "5.34.1",
        "@algolia/requester-fetch": "5.34.1",
        "@algolia/requester-node-http": "5.34.1"
      },
      "engines": {
        "node": ">= 14.0.0"
      }
    }
  }
}
