{
  "name": "@wpmedia/algolia-assortment-content-source-block",
  "version": "0.1.0",
  "lockfileVersion": 1,
  "requires": true,
  "dependencies": {
    "@algolia/cache-browser-local-storage": {
      "version": "4.23.2",
      "resolved": "https://registry.npmjs.org/@algolia/cache-browser-local-storage/-/cache-browser-local-storage-4.23.2.tgz",
      "integrity": "sha512-PvRQdCmtiU22dw9ZcTJkrVKgNBVAxKgD0/cfiqyxhA5+PHzA2WDt6jOmZ9QASkeM2BpyzClJb/Wr1yt2/t78Kw==",
      "requires": {
        "@algolia/cache-common": "4.23.2"
      }
    },
    "@algolia/cache-common": {
      "version": "4.23.2",
      "resolved": "https://registry.npmjs.org/@algolia/cache-common/-/cache-common-4.23.2.tgz",
      "integrity": "sha512-OUK/6mqr6CQWxzl/QY0/mwhlGvS6fMtvEPyn/7AHUx96NjqDA4X4+Ju7aXFQKh+m3jW9VPB0B9xvEQgyAnRPNw=="
    },
    "@algolia/cache-in-memory": {
      "version": "4.23.2",
      "resolved": "https://registry.npmjs.org/@algolia/cache-in-memory/-/cache-in-memory-4.23.2.tgz",
      "integrity": "sha512-rfbi/SnhEa3MmlqQvgYz/9NNJ156NkU6xFxjbxBtLWnHbpj+qnlMoKd+amoiacHRITpajg6zYbLM9dnaD3Bczw==",
      "requires": {
        "@algolia/cache-common": "4.23.2"
      }
    },
    "@algolia/client-account": {
      "version": "4.23.2",
      "resolved": "https://registry.npmjs.org/@algolia/client-account/-/client-account-4.23.2.tgz",
      "integrity": "sha512-VbrOCLIN/5I7iIdskSoSw3uOUPF516k4SjDD4Qz3BFwa3of7D9A0lzBMAvQEJJEPHWdVraBJlGgdJq/ttmquJQ==",
      "requires": {
        "@algolia/client-common": "4.23.2",
        "@algolia/client-search": "4.23.2",
        "@algolia/transporter": "4.23.2"
      }
    },
    "@algolia/client-analytics": {
      "version": "4.23.2",
      "resolved": "https://registry.npmjs.org/@algolia/client-analytics/-/client-analytics-4.23.2.tgz",
      "integrity": "sha512-lLj7irsAztGhMoEx/SwKd1cwLY6Daf1Q5f2AOsZacpppSvuFvuBrmkzT7pap1OD/OePjLKxicJS8wNA0+zKtuw==",
      "requires": {
        "@algolia/client-common": "4.23.2",
        "@algolia/client-search": "4.23.2",
        "@algolia/requester-common": "4.23.2",
        "@algolia/transporter": "4.23.2"
      }
    },
    "@algolia/client-common": {
      "version": "4.23.2",
      "resolved": "https://registry.npmjs.org/@algolia/client-common/-/client-common-4.23.2.tgz",
      "integrity": "sha512-Q2K1FRJBern8kIfZ0EqPvUr3V29ICxCm/q42zInV+VJRjldAD9oTsMGwqUQ26GFMdFYmqkEfCbY4VGAiQhh22g==",
      "requires": {
        "@algolia/requester-common": "4.23.2",
        "@algolia/transporter": "4.23.2"
      }
    },
    "@algolia/client-personalization": {
      "version": "4.23.2",
      "resolved": "https://registry.npmjs.org/@algolia/client-personalization/-/client-personalization-4.23.2.tgz",
      "integrity": "sha512-vwPsgnCGhUcHhhQG5IM27z8q7dWrN9itjdvgA6uKf2e9r7vB+WXt4OocK0CeoYQt3OGEAExryzsB8DWqdMK5wg==",
      "requires": {
        "@algolia/client-common": "4.23.2",
        "@algolia/requester-common": "4.23.2",
        "@algolia/transporter": "4.23.2"
      }
    },
    "@algolia/client-search": {
      "version": "4.23.2",
      "resolved": "https://registry.npmjs.org/@algolia/client-search/-/client-search-4.23.2.tgz",
      "integrity": "sha512-CxSB29OVGSE7l/iyoHvamMonzq7Ev8lnk/OkzleODZ1iBcCs3JC/XgTIKzN/4RSTrJ9QybsnlrN/bYCGufo7qw==",
      "requires": {
        "@algolia/client-common": "4.23.2",
        "@algolia/requester-common": "4.23.2",
        "@algolia/transporter": "4.23.2"
      }
    },
    "@algolia/logger-common": {
      "version": "4.23.2",
      "resolved": "https://registry.npmjs.org/@algolia/logger-common/-/logger-common-4.23.2.tgz",
      "integrity": "sha512-jGM49Q7626cXZ7qRAWXn0jDlzvoA1FvN4rKTi1g0hxKsTTSReyYk0i1ADWjChDPl3Q+nSDhJuosM2bBUAay7xw=="
    },
    "@algolia/logger-console": {
      "version": "4.23.2",
      "resolved": "https://registry.npmjs.org/@algolia/logger-console/-/logger-console-4.23.2.tgz",
      "integrity": "sha512-oo+lnxxEmlhTBTFZ3fGz1O8PJ+G+8FiAoMY2Qo3Q4w23xocQev6KqDTA1JQAGPDxAewNA2VBwWOsVXeXFjrI/Q==",
      "requires": {
        "@algolia/logger-common": "4.23.2"
      }
    },
    "@algolia/recommend": {
      "version": "4.23.2",
      "resolved": "https://registry.npmjs.org/@algolia/recommend/-/recommend-4.23.2.tgz",
      "integrity": "sha512-Q75CjnzRCDzgIlgWfPnkLtrfF4t82JCirhalXkSSwe/c1GH5pWh4xUyDOR3KTMo+YxxX3zTlrL/FjHmUJEWEcg==",
      "requires": {
        "@algolia/cache-browser-local-storage": "4.23.2",
        "@algolia/cache-common": "4.23.2",
        "@algolia/cache-in-memory": "4.23.2",
        "@algolia/client-common": "4.23.2",
        "@algolia/client-search": "4.23.2",
        "@algolia/logger-common": "4.23.2",
        "@algolia/logger-console": "4.23.2",
        "@algolia/requester-browser-xhr": "4.23.2",
        "@algolia/requester-common": "4.23.2",
        "@algolia/requester-node-http": "4.23.2",
        "@algolia/transporter": "4.23.2"
      }
    },
    "@algolia/requester-browser-xhr": {
      "version": "4.23.2",
      "resolved": "https://registry.npmjs.org/@algolia/requester-browser-xhr/-/requester-browser-xhr-4.23.2.tgz",
      "integrity": "sha512-TO9wLlp8+rvW9LnIfyHsu8mNAMYrqNdQ0oLF6eTWFxXfxG3k8F/Bh7nFYGk2rFAYty4Fw4XUtrv/YjeNDtM5og==",
      "requires": {
        "@algolia/requester-common": "4.23.2"
      }
    },
    "@algolia/requester-common": {
      "version": "4.23.2",
      "resolved": "https://registry.npmjs.org/@algolia/requester-common/-/requester-common-4.23.2.tgz",
      "integrity": "sha512-3EfpBS0Hri0lGDB5H/BocLt7Vkop0bTTLVUBB844HH6tVycwShmsV6bDR7yXbQvFP1uNpgePRD3cdBCjeHmk6Q=="
    },
    "@algolia/requester-node-http": {
      "version": "4.23.2",
      "resolved": "https://registry.npmjs.org/@algolia/requester-node-http/-/requester-node-http-4.23.2.tgz",
      "integrity": "sha512-SVzgkZM/malo+2SB0NWDXpnT7nO5IZwuDTaaH6SjLeOHcya1o56LSWXk+3F3rNLz2GVH+I/rpYKiqmHhSOjerw==",
      "requires": {
        "@algolia/requester-common": "4.23.2"
      }
    },
    "@algolia/transporter": {
      "version": "4.23.2",
      "resolved": "https://registry.npmjs.org/@algolia/transporter/-/transporter-4.23.2.tgz",
      "integrity": "sha512-GY3aGKBy+8AK4vZh8sfkatDciDVKad5rTY2S10Aefyjh7e7UGBP4zigf42qVXwU8VOPwi7l/L7OACGMOFcjB0Q==",
      "requires": {
        "@algolia/cache-common": "4.23.2",
        "@algolia/logger-common": "4.23.2",
        "@algolia/requester-common": "4.23.2"
      }
    },
    "algoliasearch": {
      "version": "4.23.2",
      "resolved": "https://registry.npmjs.org/algoliasearch/-/algoliasearch-4.23.2.tgz",
      "integrity": "sha512-8aCl055IsokLuPU8BzLjwzXjb7ty9TPcUFFOk0pYOwsE5DMVhE3kwCMFtsCFKcnoPZK7oObm+H5mbnSO/9ioxQ==",
      "requires": {
        "@algolia/cache-browser-local-storage": "4.23.2",
        "@algolia/cache-common": "4.23.2",
        "@algolia/cache-in-memory": "4.23.2",
        "@algolia/client-account": "4.23.2",
        "@algolia/client-analytics": "4.23.2",
        "@algolia/client-common": "4.23.2",
        "@algolia/client-personalization": "4.23.2",
        "@algolia/client-search": "4.23.2",
        "@algolia/logger-common": "4.23.2",
        "@algolia/logger-console": "4.23.2",
        "@algolia/recommend": "4.23.2",
        "@algolia/requester-browser-xhr": "4.23.2",
        "@algolia/requester-common": "4.23.2",
        "@algolia/requester-node-http": "4.23.2",
        "@algolia/transporter": "4.23.2"
      }
    }
  }
}
