{
  "name": "@wpmedia/algolia-assortment-content-source-block",
  "version": "0.1.0",
  "lockfileVersion": 2,
  "requires": true,
  "packages": {
    "": {
      "version": "0.1.0",
      "license": "CC-BY-NC-ND-4.0",
      "dependencies": {
        "algoliasearch": "^5.30.0"
      }
    },
    "node_modules/@algolia/client-abtesting": {
      "version": "5.30.0",
      "resolved": "https://registry.npmjs.org/@algolia/client-abtesting/-/client-abtesting-5.30.0.tgz",
      "integrity": "sha512-Q3OQXYlTNqVUN/V1qXX8VIzQbLjP3yrRBO9m6NRe1CBALmoGHh9JrYosEGvfior28+DjqqU3Q+nzCSuf/bX0Gw==",
      "dependencies": {
        "@algolia/client-common": "5.30.0",
        "@algolia/requester-browser-xhr": "5.30.0",
        "@algolia/requester-fetch": "5.30.0",
        "@algolia/requester-node-http": "5.30.0"
      },
      "engines": {
        "node": ">= 14.0.0"
      }
    },
    "node_modules/@algolia/client-analytics": {
      "version": "5.30.0",
      "resolved": "https://registry.npmjs.org/@algolia/client-analytics/-/client-analytics-5.30.0.tgz",
      "integrity": "sha512-/b+SAfHjYjx/ZVeVReCKTTnFAiZWOyvYLrkYpeNMraMT6akYRR8eC1AvFcvR60GLG/jytxcJAp42G8nN5SdcLg==",
      "dependencies": {
        "@algolia/client-common": "5.30.0",
        "@algolia/requester-browser-xhr": "5.30.0",
        "@algolia/requester-fetch": "5.30.0",
        "@algolia/requester-node-http": "5.30.0"
      },
      "engines": {
        "node": ">= 14.0.0"
      }
    },
    "node_modules/@algolia/client-common": {
      "version": "5.30.0",
      "resolved": "https://registry.npmjs.org/@algolia/client-common/-/client-common-5.30.0.tgz",
      "integrity": "sha512-tbUgvkp2d20mHPbM0+NPbLg6SzkUh0lADUUjzNCF+HiPkjFRaIW3NGMlESKw5ia4Oz6ZvFzyREquUX6rdkdJcQ==",
      "engines": {
        "node": ">= 14.0.0"
      }
    },
    "node_modules/@algolia/client-insights": {
      "version": "5.30.0",
      "resolved": "https://registry.npmjs.org/@algolia/client-insights/-/client-insights-5.30.0.tgz",
      "integrity": "sha512-caXuZqJK761m32KoEAEkjkE2WF/zYg1McuGesWXiLSgfxwZZIAf+DljpiSToBUXhoPesvjcLtINyYUzbkwE0iw==",
      "dependencies": {
        "@algolia/client-common": "5.30.0",
        "@algolia/requester-browser-xhr": "5.30.0",
        "@algolia/requester-fetch": "5.30.0",
        "@algolia/requester-node-http": "5.30.0"
      },
      "engines": {
        "node": ">= 14.0.0"
      }
    },
    "node_modules/@algolia/client-personalization": {
      "version": "5.30.0",
      "resolved": "https://registry.npmjs.org/@algolia/client-personalization/-/client-personalization-5.30.0.tgz",
      "integrity": "sha512-7K6P7TRBHLX1zTmwKDrIeBSgUidmbj6u3UW/AfroLRDGf9oZFytPKU49wg28lz/yulPuHY0nZqiwbyAxq9V17w==",
      "dependencies": {
        "@algolia/client-common": "5.30.0",
        "@algolia/requester-browser-xhr": "5.30.0",
        "@algolia/requester-fetch": "5.30.0",
        "@algolia/requester-node-http": "5.30.0"
      },
      "engines": {
        "node": ">= 14.0.0"
      }
    },
    "node_modules/@algolia/client-query-suggestions": {
      "version": "5.30.0",
      "resolved": "https://registry.npmjs.org/@algolia/client-query-suggestions/-/client-query-suggestions-5.30.0.tgz",
      "integrity": "sha512-WMjWuBjYxJheRt7Ec5BFr33k3cV0mq2WzmH9aBf5W4TT8kUp34x91VRsYVaWOBRlxIXI8o/WbhleqSngiuqjLA==",
      "dependencies": {
        "@algolia/client-common": "5.30.0",
        "@algolia/requester-browser-xhr": "5.30.0",
        "@algolia/requester-fetch": "5.30.0",
        "@algolia/requester-node-http": "5.30.0"
      },
      "engines": {
        "node": ">= 14.0.0"
      }
    },
    "node_modules/@algolia/client-search": {
      "version": "5.30.0",
      "resolved": "https://registry.npmjs.org/@algolia/client-search/-/client-search-5.30.0.tgz",
      "integrity": "sha512-puc1/LREfSqzgmrOFMY5L/aWmhYOlJ0TTpa245C0ZNMKEkdOkcimFbXTXQ8lZhzh+rlyFgR7cQGNtXJ5H0XgZg==",
      "dependencies": {
        "@algolia/client-common": "5.30.0",
        "@algolia/requester-browser-xhr": "5.30.0",
        "@algolia/requester-fetch": "5.30.0",
        "@algolia/requester-node-http": "5.30.0"
      },
      "engines": {
        "node": ">= 14.0.0"
      }
    },
    "node_modules/@algolia/ingestion": {
      "version": "1.30.0",
      "resolved": "https://registry.npmjs.org/@algolia/ingestion/-/ingestion-1.30.0.tgz",
      "integrity": "sha512-NfqiIKVgGKTLr6T9F81oqB39pPiEtILTy0z8ujxPKg2rCvI/qQeDqDWFBmQPElCfUTU6kk67QAgMkQ7T6fE+gg==",
      "dependencies": {
        "@algolia/client-common": "5.30.0",
        "@algolia/requester-browser-xhr": "5.30.0",
        "@algolia/requester-fetch": "5.30.0",
        "@algolia/requester-node-http": "5.30.0"
      },
      "engines": {
        "node": ">= 14.0.0"
      }
    },
    "node_modules/@algolia/monitoring": {
      "version": "1.30.0",
      "resolved": "https://registry.npmjs.org/@algolia/monitoring/-/monitoring-1.30.0.tgz",
      "integrity": "sha512-/eeM3aqLKro5KBZw0W30iIA6afkGa+bcpvEM0NDa92m5t3vil4LOmJI9FkgzfmSkF4368z/SZMOTPShYcaVXjA==",
      "dependencies": {
        "@algolia/client-common": "5.30.0",
        "@algolia/requester-browser-xhr": "5.30.0",
        "@algolia/requester-fetch": "5.30.0",
        "@algolia/requester-node-http": "5.30.0"
      },
      "engines": {
        "node": ">= 14.0.0"
      }
    },
    "node_modules/@algolia/recommend": {
      "version": "5.30.0",
      "resolved": "https://registry.npmjs.org/@algolia/recommend/-/recommend-5.30.0.tgz",
      "integrity": "sha512-iWeAUWqw+xT+2IyUyTqnHCK+cyCKYV5+B6PXKdagc9GJJn6IaPs8vovwoC0Za5vKCje/aXQ24a2Z1pKpc/tdHg==",
      "dependencies": {
        "@algolia/client-common": "5.30.0",
        "@algolia/requester-browser-xhr": "5.30.0",
        "@algolia/requester-fetch": "5.30.0",
        "@algolia/requester-node-http": "5.30.0"
      },
      "engines": {
        "node": ">= 14.0.0"
      }
    },
    "node_modules/@algolia/requester-browser-xhr": {
      "version": "5.30.0",
      "resolved": "https://registry.npmjs.org/@algolia/requester-browser-xhr/-/requester-browser-xhr-5.30.0.tgz",
      "integrity": "sha512-alo3ly0tdNLjfMSPz9dmNwYUFHx7guaz5dTGlIzVGnOiwLgIoM6NgA+MJLMcH6e1S7OpmE2AxOy78svlhst2tQ==",
      "dependencies": {
        "@algolia/client-common": "5.30.0"
      },
      "engines": {
        "node": ">= 14.0.0"
      }
    },
    "node_modules/@algolia/requester-fetch": {
      "version": "5.30.0",
      "resolved": "https://registry.npmjs.org/@algolia/requester-fetch/-/requester-fetch-5.30.0.tgz",
      "integrity": "sha512-WOnTYUIY2InllHBy6HHMpGIOo7Or4xhYUx/jkoSK/kPIa1BRoFEHqa8v4pbKHtoG7oLvM2UAsylSnjVpIhGZXg==",
      "dependencies": {
        "@algolia/client-common": "5.30.0"
      },
      "engines": {
        "node": ">= 14.0.0"
      }
    },
    "node_modules/@algolia/requester-node-http": {
      "version": "5.30.0",
      "resolved": "https://registry.npmjs.org/@algolia/requester-node-http/-/requester-node-http-5.30.0.tgz",
      "integrity": "sha512-uSTUh9fxeHde1c7KhvZKUrivk90sdiDftC+rSKNFKKEU9TiIKAGA7B2oKC+AoMCqMymot1vW9SGbeESQPTZd0w==",
      "dependencies": {
        "@algolia/client-common": "5.30.0"
      },
      "engines": {
        "node": ">= 14.0.0"
      }
    },
    "node_modules/algoliasearch": {
      "version": "5.30.0",
      "resolved": "https://registry.npmjs.org/algoliasearch/-/algoliasearch-5.30.0.tgz",
      "integrity": "sha512-ILSdPX4je0n5WUKD34TMe57/eqiXUzCIjAsdtLQYhomqOjTtFUg1s6dE7kUegc4Mc43Xr7IXYlMutU9HPiYfdw==",
      "dependencies": {
        "@algolia/client-abtesting": "5.30.0",
        "@algolia/client-analytics": "5.30.0",
        "@algolia/client-common": "5.30.0",
        "@algolia/client-insights": "5.30.0",
        "@algolia/client-personalization": "5.30.0",
        "@algolia/client-query-suggestions": "5.30.0",
        "@algolia/client-search": "5.30.0",
        "@algolia/ingestion": "1.30.0",
        "@algolia/monitoring": "1.30.0",
        "@algolia/recommend": "5.30.0",
        "@algolia/requester-browser-xhr": "5.30.0",
        "@algolia/requester-fetch": "5.30.0",
        "@algolia/requester-node-http": "5.30.0"
      },
      "engines": {
        "node": ">= 14.0.0"
      }
    }
  },
  "dependencies": {
    "@algolia/client-abtesting": {
      "version": "5.30.0",
      "resolved": "https://registry.npmjs.org/@algolia/client-abtesting/-/client-abtesting-5.30.0.tgz",
      "integrity": "sha512-Q3OQXYlTNqVUN/V1qXX8VIzQbLjP3yrRBO9m6NRe1CBALmoGHh9JrYosEGvfior28+DjqqU3Q+nzCSuf/bX0Gw==",
      "requires": {
        "@algolia/client-common": "5.30.0",
        "@algolia/requester-browser-xhr": "5.30.0",
        "@algolia/requester-fetch": "5.30.0",
        "@algolia/requester-node-http": "5.30.0"
      }
    },
    "@algolia/client-analytics": {
      "version": "5.30.0",
      "resolved": "https://registry.npmjs.org/@algolia/client-analytics/-/client-analytics-5.30.0.tgz",
      "integrity": "sha512-/b+SAfHjYjx/ZVeVReCKTTnFAiZWOyvYLrkYpeNMraMT6akYRR8eC1AvFcvR60GLG/jytxcJAp42G8nN5SdcLg==",
      "requires": {
        "@algolia/client-common": "5.30.0",
        "@algolia/requester-browser-xhr": "5.30.0",
        "@algolia/requester-fetch": "5.30.0",
        "@algolia/requester-node-http": "5.30.0"
      }
    },
    "@algolia/client-common": {
      "version": "5.30.0",
      "resolved": "https://registry.npmjs.org/@algolia/client-common/-/client-common-5.30.0.tgz",
      "integrity": "sha512-tbUgvkp2d20mHPbM0+NPbLg6SzkUh0lADUUjzNCF+HiPkjFRaIW3NGMlESKw5ia4Oz6ZvFzyREquUX6rdkdJcQ=="
    },
    "@algolia/client-insights": {
      "version": "5.30.0",
      "resolved": "https://registry.npmjs.org/@algolia/client-insights/-/client-insights-5.30.0.tgz",
      "integrity": "sha512-caXuZqJK761m32KoEAEkjkE2WF/zYg1McuGesWXiLSgfxwZZIAf+DljpiSToBUXhoPesvjcLtINyYUzbkwE0iw==",
      "requires": {
        "@algolia/client-common": "5.30.0",
        "@algolia/requester-browser-xhr": "5.30.0",
        "@algolia/requester-fetch": "5.30.0",
        "@algolia/requester-node-http": "5.30.0"
      }
    },
    "@algolia/client-personalization": {
      "version": "5.30.0",
      "resolved": "https://registry.npmjs.org/@algolia/client-personalization/-/client-personalization-5.30.0.tgz",
      "integrity": "sha512-7K6P7TRBHLX1zTmwKDrIeBSgUidmbj6u3UW/AfroLRDGf9oZFytPKU49wg28lz/yulPuHY0nZqiwbyAxq9V17w==",
      "requires": {
        "@algolia/client-common": "5.30.0",
        "@algolia/requester-browser-xhr": "5.30.0",
        "@algolia/requester-fetch": "5.30.0",
        "@algolia/requester-node-http": "5.30.0"
      }
    },
    "@algolia/client-query-suggestions": {
      "version": "5.30.0",
      "resolved": "https://registry.npmjs.org/@algolia/client-query-suggestions/-/client-query-suggestions-5.30.0.tgz",
      "integrity": "sha512-WMjWuBjYxJheRt7Ec5BFr33k3cV0mq2WzmH9aBf5W4TT8kUp34x91VRsYVaWOBRlxIXI8o/WbhleqSngiuqjLA==",
      "requires": {
        "@algolia/client-common": "5.30.0",
        "@algolia/requester-browser-xhr": "5.30.0",
        "@algolia/requester-fetch": "5.30.0",
        "@algolia/requester-node-http": "5.30.0"
      }
    },
    "@algolia/client-search": {
      "version": "5.30.0",
      "resolved": "https://registry.npmjs.org/@algolia/client-search/-/client-search-5.30.0.tgz",
      "integrity": "sha512-puc1/LREfSqzgmrOFMY5L/aWmhYOlJ0TTpa245C0ZNMKEkdOkcimFbXTXQ8lZhzh+rlyFgR7cQGNtXJ5H0XgZg==",
      "requires": {
        "@algolia/client-common": "5.30.0",
        "@algolia/requester-browser-xhr": "5.30.0",
        "@algolia/requester-fetch": "5.30.0",
        "@algolia/requester-node-http": "5.30.0"
      }
    },
    "@algolia/ingestion": {
      "version": "1.30.0",
      "resolved": "https://registry.npmjs.org/@algolia/ingestion/-/ingestion-1.30.0.tgz",
      "integrity": "sha512-NfqiIKVgGKTLr6T9F81oqB39pPiEtILTy0z8ujxPKg2rCvI/qQeDqDWFBmQPElCfUTU6kk67QAgMkQ7T6fE+gg==",
      "requires": {
        "@algolia/client-common": "5.30.0",
        "@algolia/requester-browser-xhr": "5.30.0",
        "@algolia/requester-fetch": "5.30.0",
        "@algolia/requester-node-http": "5.30.0"
      }
    },
    "@algolia/monitoring": {
      "version": "1.30.0",
      "resolved": "https://registry.npmjs.org/@algolia/monitoring/-/monitoring-1.30.0.tgz",
      "integrity": "sha512-/eeM3aqLKro5KBZw0W30iIA6afkGa+bcpvEM0NDa92m5t3vil4LOmJI9FkgzfmSkF4368z/SZMOTPShYcaVXjA==",
      "requires": {
        "@algolia/client-common": "5.30.0",
        "@algolia/requester-browser-xhr": "5.30.0",
        "@algolia/requester-fetch": "5.30.0",
        "@algolia/requester-node-http": "5.30.0"
      }
    },
    "@algolia/recommend": {
      "version": "5.30.0",
      "resolved": "https://registry.npmjs.org/@algolia/recommend/-/recommend-5.30.0.tgz",
      "integrity": "sha512-iWeAUWqw+xT+2IyUyTqnHCK+cyCKYV5+B6PXKdagc9GJJn6IaPs8vovwoC0Za5vKCje/aXQ24a2Z1pKpc/tdHg==",
      "requires": {
        "@algolia/client-common": "5.30.0",
        "@algolia/requester-browser-xhr": "5.30.0",
        "@algolia/requester-fetch": "5.30.0",
        "@algolia/requester-node-http": "5.30.0"
      }
    },
    "@algolia/requester-browser-xhr": {
      "version": "5.30.0",
      "resolved": "https://registry.npmjs.org/@algolia/requester-browser-xhr/-/requester-browser-xhr-5.30.0.tgz",
      "integrity": "sha512-alo3ly0tdNLjfMSPz9dmNwYUFHx7guaz5dTGlIzVGnOiwLgIoM6NgA+MJLMcH6e1S7OpmE2AxOy78svlhst2tQ==",
      "requires": {
        "@algolia/client-common": "5.30.0"
      }
    },
    "@algolia/requester-fetch": {
      "version": "5.30.0",
      "resolved": "https://registry.npmjs.org/@algolia/requester-fetch/-/requester-fetch-5.30.0.tgz",
      "integrity": "sha512-WOnTYUIY2InllHBy6HHMpGIOo7Or4xhYUx/jkoSK/kPIa1BRoFEHqa8v4pbKHtoG7oLvM2UAsylSnjVpIhGZXg==",
      "requires": {
        "@algolia/client-common": "5.30.0"
      }
    },
    "@algolia/requester-node-http": {
      "version": "5.30.0",
      "resolved": "https://registry.npmjs.org/@algolia/requester-node-http/-/requester-node-http-5.30.0.tgz",
      "integrity": "sha512-uSTUh9fxeHde1c7KhvZKUrivk90sdiDftC+rSKNFKKEU9TiIKAGA7B2oKC+AoMCqMymot1vW9SGbeESQPTZd0w==",
      "requires": {
        "@algolia/client-common": "5.30.0"
      }
    },
    "algoliasearch": {
      "version": "5.30.0",
      "resolved": "https://registry.npmjs.org/algoliasearch/-/algoliasearch-5.30.0.tgz",
      "integrity": "sha512-ILSdPX4je0n5WUKD34TMe57/eqiXUzCIjAsdtLQYhomqOjTtFUg1s6dE7kUegc4Mc43Xr7IXYlMutU9HPiYfdw==",
      "requires": {
        "@algolia/client-abtesting": "5.30.0",
        "@algolia/client-analytics": "5.30.0",
        "@algolia/client-common": "5.30.0",
        "@algolia/client-insights": "5.30.0",
        "@algolia/client-personalization": "5.30.0",
        "@algolia/client-query-suggestions": "5.30.0",
        "@algolia/client-search": "5.30.0",
        "@algolia/ingestion": "1.30.0",
        "@algolia/monitoring": "1.30.0",
        "@algolia/recommend": "5.30.0",
        "@algolia/requester-browser-xhr": "5.30.0",
        "@algolia/requester-fetch": "5.30.0",
        "@algolia/requester-node-http": "5.30.0"
      }
    }
  }
}
