{
  "name": "@wpmedia/default-output-block",
  "version": "2.2.1",
  "lockfileVersion": 1,
  "requires": true,
  "dependencies": {
    "@wpmedia/news-theme-css": {
      "version": "2.1.0",
      "resolved": "https://npm.pkg.github.com/download/@wpmedia/news-theme-css/2.1.0/cfc3d9599bee732743e4b8154ab682ac1e6becc6cc72871f29ac7a1535ea0482",
      "integrity": "sha512-iVhay9D3wd/uQBu2zvqJFrhWMlnXH/cxkk93MDKZ5pgNdK81skPJ9grn1gz6MNbLle5f43jGTufBvsRyhfEGoA=="
    },
    "cipher-base": {
      "version": "1.0.4",
      "resolved": "https://registry.npmjs.org/cipher-base/-/cipher-base-1.0.4.tgz",
      "integrity": "sha512-Kkht5ye6ZGmwv40uUDZztayT2ThLQGfnj/T71N/XzeZeo3nf8foyW7zGTsPYkEya3m5f3cAypH+qe7YOrM1U2Q==",
      "requires": {
        "inherits": "^2.0.1",
        "safe-buffer": "^5.0.1"
      }
    },
    "dom-parser": {
      "version": "0.1.6",
      "resolved": "https://registry.npmjs.org/dom-parser/-/dom-parser-0.1.6.tgz",
      "integrity": "sha512-3nVRKbLEwmGfghLoeT1dxlK/0votalnOfasP+8VCHYDfDuCETY4LeMblfOeqww6XZk2ymZ1Uewy/hVad6Dy3yw=="
    },
    "inherits": {
      "version": "2.0.4",
      "resolved": "https://registry.npmjs.org/inherits/-/inherits-2.0.4.tgz",
      "integrity": "sha512-k/vGaX4/Yla3WzyMCvTQOXYeIHvqOKtnqBduzTHpzpQZzAskKMhZ2K+EnBiSM9zGSoIFeMpXKxa4dYeZIQqewQ=="
    },
    "safe-buffer": {
      "version": "5.2.0",
      "resolved": "https://registry.npmjs.org/safe-buffer/-/safe-buffer-5.2.0.tgz",
      "integrity": "sha512-fZEwUGbVl7kouZs1jCdMLdt95hdIv0ZeHg6L7qPeciMZhZ+/gdesW4wgTARkrFWEpspjEATAzUGPG8N2jJiwbg=="
    },
    "thumbor-lite": {
      "version": "0.1.8",
      "resolved": "https://registry.npmjs.org/thumbor-lite/-/thumbor-lite-0.1.8.tgz",
      "integrity": "sha512-8C0Ohi2vi0/JVdhRVzNEhtF3MptFp3r9Br0nU3rjor3m5zhGL6QtGJZPV42NJ/e8qyVisZtr0d/Ew4mBz5w4OQ==",
      "requires": {
        "cipher-base": "^1.0.4",
        "inherits": "^2.0.4",
        "safe-buffer": "^5.2.0"
      }
    }
  }
}
