{
  "name": "@wpmedia/default-output-block",
  "version": "2.3.4",
  "lockfileVersion": 1,
  "requires": true,
  "dependencies": {
    "@wpmedia/news-theme-css": {
      "version": "2.1.6",
      "resolved": "https://npm.pkg.github.com/download/@wpmedia/news-theme-css/2.1.6/81bc2f825db0a3a978ae3a7b77679475bb7dfa96f6afe7dd7d2480684922c1d2",
      "integrity": "sha512-gml0kc3GpbM1DPFvKNkw3ws1T6K4n+ENoAtuQG8+5Z/KJqiEpp4u8oz3/MCOJ/So/HEAfqvzhXX8cYa1CALzrA=="
    },
    "cipher-base": {
      "version": "1.0.4",
      "resolved": "https://registry.npmjs.org/cipher-base/-/cipher-base-1.0.4.tgz",
      "integrity": "sha512-Kkht5ye6ZGmwv40uUDZztayT2ThLQGfnj/T71N/XzeZeo3nf8foyW7zGTsPYkEya3m5f3cAypH+qe7YOrM1U2Q==",
      "requires": {
        "inherits": "^2.0.1",
        "safe-buffer": "^5.0.1"
      }
    },
    "dom-parser": {
      "version": "0.1.6",
      "resolved": "https://registry.npmjs.org/dom-parser/-/dom-parser-0.1.6.tgz",
      "integrity": "sha512-3nVRKbLEwmGfghLoeT1dxlK/0votalnOfasP+8VCHYDfDuCETY4LeMblfOeqww6XZk2ymZ1Uewy/hVad6Dy3yw=="
    },
    "inherits": {
      "version": "2.0.4",
      "resolved": "https://registry.npmjs.org/inherits/-/inherits-2.0.4.tgz",
      "integrity": "sha512-k/vGaX4/Yla3WzyMCvTQOXYeIHvqOKtnqBduzTHpzpQZzAskKMhZ2K+EnBiSM9zGSoIFeMpXKxa4dYeZIQqewQ=="
    },
    "safe-buffer": {
      "version": "5.2.1",
      "resolved": "https://registry.npmjs.org/safe-buffer/-/safe-buffer-5.2.1.tgz",
      "integrity": "sha512-rp3So07KcdmmKbGvgaNxQSJr7bGVSVk5S9Eq1F+ppbRo70+YeaDxkw5Dd8NPN+GD6bjnYm2VuPuCXmpuYvmCXQ=="
    },
    "thumbor-lite": {
      "version": "0.1.8",
      "resolved": "https://registry.npmjs.org/thumbor-lite/-/thumbor-lite-0.1.8.tgz",
      "integrity": "sha512-8C0Ohi2vi0/JVdhRVzNEhtF3MptFp3r9Br0nU3rjor3m5zhGL6QtGJZPV42NJ/e8qyVisZtr0d/Ew4mBz5w4OQ==",
      "requires": {
        "cipher-base": "^1.0.4",
        "inherits": "^2.0.4",
        "safe-buffer": "^5.2.0"
      }
    }
  }
}