{
  "name": "@wpmedia/a11y-testing-block",
  "version": "5.14.1",
  "lockfileVersion": 1,
  "requires": true,
  "dependencies": {
    "axe-core": {
      "version": "4.4.0",
      "resolved": "https://registry.npmjs.org/axe-core/-/axe-core-4.4.0.tgz",
      "integrity": "sha512-btWy2rze3NnxSSxb7LtNhPYYFrRoFBfjiGzmSc/5Hu47wApO2KNXjP/w7Nv2Uz/Fyr/pfEiwOkcXhDxu0jz5FA==",
      "dev": true
    },
    "requestidlecallback": {
      "version": "0.3.0",
      "resolved": "https://registry.npmjs.org/requestidlecallback/-/requestidlecallback-0.3.0.tgz",
      "integrity": "sha1-b7dOBzP5DfP6pIOPn2oqX5t0KsU=",
      "dev": true
    }
  }
}
