{
  "name": "@wpmedia/a11y-testing-block",
  "version": "5.14.1",
  "lockfileVersion": 1,
  "requires": true,
  "dependencies": {
    "axe-core": {
      "version": "4.4.1",
      "resolved": "https://registry.npmjs.org/axe-core/-/axe-core-4.4.1.tgz",
      "integrity": "sha512-gd1kmb21kwNuWr6BQz8fv6GNECPBnUasepcoLbekws23NVBLODdsClRZ+bQ8+9Uomf3Sm3+Vwn0oYG9NvwnJCw==",
      "dev": true
    },
    "requestidlecallback": {
      "version": "0.3.0",
      "resolved": "https://registry.npmjs.org/requestidlecallback/-/requestidlecallback-0.3.0.tgz",
      "integrity": "sha1-b7dOBzP5DfP6pIOPn2oqX5t0KsU=",
      "dev": true
    }
  }
}
