{
  "name": "@wpmedia/header-nav-chain-block",
  "version": "5.12.0",
  "lockfileVersion": 1,
  "requires": true,
  "dependencies": {
    "focus-trap": {
      "version": "6.5.0",
      "resolved": "https://registry.npmjs.org/focus-trap/-/focus-trap-6.5.0.tgz",
      "integrity": "sha512-mezVantxaWNMrcJcrdw/bDfW3rVkl0xcdHKiHbNZzJ2R+KfcW9S6j48wFUAu7C52GFeQDGEWgDEIAvk9PxFvZw==",
      "requires": {
        "tabbable": "^5.2.0"
      }
    },
    "focus-trap-react": {
      "version": "8.5.1",
      "resolved": "https://registry.npmjs.org/focus-trap-react/-/focus-trap-react-8.5.1.tgz",
      "integrity": "sha512-tJHFonnhw34/tQ/lFE4Zlbdf/2vTlgIhK2jRytC6hWTmw5ndxKSot/8zWEXKzf7B+6A87e7kDLWZjdUkbVue6g==",
      "requires": {
        "focus-trap": "^6.5.0"
      }
    },
    "tabbable": {
      "version": "5.2.0",
      "resolved": "https://registry.npmjs.org/tabbable/-/tabbable-5.2.0.tgz",
      "integrity": "sha512-0uyt8wbP0P3T4rrsfYg/5Rg3cIJ8Shl1RJ54QMqYxm1TLdWqJD1u6+RQjr2Lor3wmfT7JRHkirIwy99ydBsyPg=="
    },
    "use-debounce": {
      "version": "3.4.3",
      "resolved": "https://registry.npmjs.org/use-debounce/-/use-debounce-3.4.3.tgz",
      "integrity": "sha512-nxy+opOxDccWfhMl36J5BSCTpvcj89iaQk2OZWLAtBJQj7ISCtx1gh+rFbdjGfMl6vtCZf6gke/kYvrkVfHMoA=="
    }
  }
}
