{
  "name": "@wpmedia/header-nav-chain-block",
  "version": "5.13.2",
  "lockfileVersion": 1,
  "requires": true,
  "dependencies": {
    "focus-trap": {
      "version": "6.5.1",
      "resolved": "https://registry.npmjs.org/focus-trap/-/focus-trap-6.5.1.tgz",
      "integrity": "sha512-q57JebeQXVThn9DWvWLP2rUwuArvk8w3PyqZLSddto0thmVmklFzYJQO97Aq3pUcWkTXjflUa88fT0CrASsaHQ==",
      "requires": {
        "tabbable": "^5.2.0"
      }
    },
    "focus-trap-react": {
      "version": "8.6.0",
      "resolved": "https://registry.npmjs.org/focus-trap-react/-/focus-trap-react-8.6.0.tgz",
      "integrity": "sha512-6NJf1mNlXatRJttJmvTRsnGRblERhyVS0YC54JlTZVIID0VafFkMFYv37JLzow7cMOeamT7W31qMuZ7LwTpEQw==",
      "requires": {
        "focus-trap": "^6.5.1"
      }
    },
    "tabbable": {
      "version": "5.2.0",
      "resolved": "https://registry.npmjs.org/tabbable/-/tabbable-5.2.0.tgz",
      "integrity": "sha512-0uyt8wbP0P3T4rrsfYg/5Rg3cIJ8Shl1RJ54QMqYxm1TLdWqJD1u6+RQjr2Lor3wmfT7JRHkirIwy99ydBsyPg=="
    },
    "use-debounce": {
      "version": "3.4.3",
      "resolved": "https://registry.npmjs.org/use-debounce/-/use-debounce-3.4.3.tgz",
      "integrity": "sha512-nxy+opOxDccWfhMl36J5BSCTpvcj89iaQk2OZWLAtBJQj7ISCtx1gh+rFbdjGfMl6vtCZf6gke/kYvrkVfHMoA=="
    }
  }
}
