{
  "name": "@wpmedia/header-nav-chain-block",
  "version": "5.22.0",
  "lockfileVersion": 1,
  "requires": true,
  "dependencies": {
    "focus-trap": {
      "version": "7.0.0",
      "resolved": "https://registry.npmjs.org/focus-trap/-/focus-trap-7.0.0.tgz",
      "integrity": "sha512-uT4Bl8TwU+5vVAx/DHil/1eVS54k9unqhK/vGy2KSh7esPmqgC0koAB9J2sJ+vtj8+vmiFyGk2unLkhNLQaxoA==",
      "requires": {
        "tabbable": "^6.0.0"
      }
    },
    "focus-trap-react": {
      "version": "10.0.0",
      "resolved": "https://registry.npmjs.org/focus-trap-react/-/focus-trap-react-10.0.0.tgz",
      "integrity": "sha512-I0tReLdpmCwWuVb6YAmOD+S9KHj0GrlIWmnVJf61j2NHxiIg7DbrsabPmtPC+1yzGJrsy+/iTZiqXtStjlBQcA==",
      "requires": {
        "focus-trap": "^7.0.0",
        "tabbable": "^6.0.0"
      }
    },
    "tabbable": {
      "version": "6.0.0",
      "resolved": "https://registry.npmjs.org/tabbable/-/tabbable-6.0.0.tgz",
      "integrity": "sha512-SxhZErfHc3Yozz/HLAl/iPOxuIj8AtUw13NRewVOjFW7vbsqT1f3PuiHrPQbUkRcLNEgAedAv2DnjLtzynJXiw=="
    },
    "use-debounce": {
      "version": "3.4.3",
      "resolved": "https://registry.npmjs.org/use-debounce/-/use-debounce-3.4.3.tgz",
      "integrity": "sha512-nxy+opOxDccWfhMl36J5BSCTpvcj89iaQk2OZWLAtBJQj7ISCtx1gh+rFbdjGfMl6vtCZf6gke/kYvrkVfHMoA=="
    }
  }
}
