{
  "name": "@wpmedia/subscriptions-block",
  "version": "5.14.1",
  "lockfileVersion": 1,
  "requires": true,
  "dependencies": {
    "@arc-publishing/sdk-identity": {
      "version": "1.55.0",
      "resolved": "https://registry.npmjs.org/@arc-publishing/sdk-identity/-/sdk-identity-1.55.0.tgz",
      "integrity": "sha512-OQcJQ8FqFVZnYKmnInJLM/YwK+kVl3YWCMMn3qtJ0IU1rrvWJDDLvW0hcoKj1/Am100Z2ckkLum3s/YMvLP8tg=="
    },
    "@arc-publishing/sdk-sales": {
      "version": "1.55.0",
      "resolved": "https://registry.npmjs.org/@arc-publishing/sdk-sales/-/sdk-sales-1.55.0.tgz",
      "integrity": "sha512-DabrUJzQNECfJAle8QuLXXFrnpcLj7PtJA3CswLgqp+jx4UcTxzQGa3Oikze1uc4X+mbaWbHYN8YRIPAYUT37Q==",
      "requires": {
        "@arc-publishing/sdk-identity": "^1.55.0",
        "@arc-publishing/sdk-subs-core": "^1.55.0"
      }
    },
    "@arc-publishing/sdk-subs-core": {
      "version": "1.55.0",
      "resolved": "https://registry.npmjs.org/@arc-publishing/sdk-subs-core/-/sdk-subs-core-1.55.0.tgz",
      "integrity": "sha512-VTbQMDI/sFiXFOdmKXeOI6mCQJcm9jzczKYvTXuY/9VvNUAwR3OMmxtPFlKQewxiGZqkgvbtfD0jPhAvgm4LRQ=="
    }
  }
}
