{
  "name": "@wpmedia/subscriptions-block",
  "version": "5.20.0",
  "lockfileVersion": 1,
  "requires": true,
  "dependencies": {
    "@arc-fusion/prop-types": {
      "version": "0.1.5",
      "resolved": "https://registry.npmjs.org/@arc-fusion/prop-types/-/prop-types-0.1.5.tgz",
      "integrity": "sha512-12/1QGXYaGZWDw1vnTX8fltWf3BA7zc95Kn9MyXD/PhFAJBEbpvtD2R+NZ8NU+DMPYlYLP33tyI3NSddERZCAA==",
      "requires": {
        "prop-types": "^15.7.2"
      }
    },
    "@arc-publishing/sdk-identity": {
      "version": "1.79.0",
      "resolved": "https://registry.npmjs.org/@arc-publishing/sdk-identity/-/sdk-identity-1.79.0.tgz",
      "integrity": "sha512-eblhb/AMa2uKr3/sWphlonIw5gKrz2KigUYnQDU2riWZn9Z+EECmQsbpbZbkWGDaTXrtkEX3DRqBIPJsPaEsXg=="
    },
    "@arc-publishing/sdk-sales": {
      "version": "1.79.0",
      "resolved": "https://registry.npmjs.org/@arc-publishing/sdk-sales/-/sdk-sales-1.79.0.tgz",
      "integrity": "sha512-xZRBd+uGAhp814NDFHCdddcUsrdMfusn7h6z58l9RcQd60Vrwp9eMByY4q26uCKMXX8fOtPKr3iN2gULYtCc7g==",
      "requires": {
        "@arc-publishing/sdk-identity": "^1.79.0",
        "@arc-publishing/sdk-subs-core": "^1.79.0"
      }
    },
    "@arc-publishing/sdk-subs-core": {
      "version": "1.79.0",
      "resolved": "https://registry.npmjs.org/@arc-publishing/sdk-subs-core/-/sdk-subs-core-1.79.0.tgz",
      "integrity": "sha512-MwdTIK0lL7OaHawd99Ucp2pWsCHA+OiJ+psR9dge3hZriPank3pVAgqOjjxSwFDl9k1Q9GeBMyZN3zrJAI2yAg=="
    },
    "@stripe/react-stripe-js": {
      "version": "1.16.5",
      "resolved": "https://registry.npmjs.org/@stripe/react-stripe-js/-/react-stripe-js-1.16.5.tgz",
      "integrity": "sha512-lVPW3IfwdacyS22pP+nBB6/GNFRRhT/4jfgAK6T2guQmtzPwJV1DogiGGaBNhiKtSY18+yS8KlHSu+PvZNclvQ==",
      "requires": {
        "prop-types": "^15.7.2"
      }
    },
    "@stripe/stripe-js": {
      "version": "1.54.2",
      "resolved": "https://registry.npmjs.org/@stripe/stripe-js/-/stripe-js-1.54.2.tgz",
      "integrity": "sha512-R1PwtDvUfs99cAjfuQ/WpwJ3c92+DAMy9xGApjqlWQMj0FKQabUAys2swfTRNzuYAYJh7NqK2dzcYVNkKLEKUg=="
    },
    "is-url": {
      "version": "1.2.4",
      "resolved": "https://registry.npmjs.org/is-url/-/is-url-1.2.4.tgz",
      "integrity": "sha512-ITvGim8FhRiYe4IQ5uHSkj7pVaPDrCTkNd3yq3cV7iZAcJdHTUMPMEHcqSOy9xZ9qFenQCvi+2wjH9a1nXqHww=="
    },
    "js-tokens": {
      "version": "4.0.0",
      "resolved": "https://registry.npmjs.org/js-tokens/-/js-tokens-4.0.0.tgz",
      "integrity": "sha512-RdJUflcE3cUzKiMqQgsCu06FPu9UdIJO0beYbPhHN4k6apgJtifcoCtT9bcxOpYBtpD2kCM6Sbzg4CausW/PKQ=="
    },
    "loose-envify": {
      "version": "1.4.0",
      "resolved": "https://registry.npmjs.org/loose-envify/-/loose-envify-1.4.0.tgz",
      "integrity": "sha512-lyuxPGr/Wfhrlem2CL/UcnUc1zcqKAImBDzukY7Y5F/yQiNdko6+fRLevlw1HgMySw7f611UIY408EtxRSoK3Q==",
      "requires": {
        "js-tokens": "^3.0.0 || ^4.0.0"
      }
    },
    "object-assign": {
      "version": "4.1.1",
      "resolved": "https://registry.npmjs.org/object-assign/-/object-assign-4.1.1.tgz",
      "integrity": "sha512-rJgTQnkUnH1sFw8yT6VSU3zD3sWmu6sZhIseY8VX+GRu3P6F7Fu+JNDoXfklElbLJSnc3FUQHVe4cU5hj+BcUg=="
    },
    "prop-types": {
      "version": "15.8.1",
      "resolved": "https://registry.npmjs.org/prop-types/-/prop-types-15.8.1.tgz",
      "integrity": "sha512-oj87CgZICdulUohogVAR7AjlC0327U4el4L6eAvOqCeudMDVU0NThNaV+b9Df4dXgSP1gXMTnPdhfe/2qDH5cg==",
      "requires": {
        "loose-envify": "^1.4.0",
        "object-assign": "^4.1.1",
        "react-is": "^16.13.1"
      }
    },
    "react-is": {
      "version": "16.13.1",
      "resolved": "https://registry.npmjs.org/react-is/-/react-is-16.13.1.tgz",
      "integrity": "sha512-24e6ynE2H+OKt4kqsOvNd8kBpV65zoxbA4BVsEOB3ARVWQki/DHzaUoC5KuON/BiccDaCCTZBuOcfZs70kR8bQ=="
    }
  }
}
